
Microsoft Visual Studio Solution File, Format Version 12.00
# Visual Studio Version 17
VisualStudioVersion = 17.5.33516.290
MinimumVisualStudioVersion = 10.0.40219.1
Project("{9092AA53-FB77-4645-B42D-1CCCA6BD08BD}") = "client", "client.njsproj", "{3CBE17A5-7BE8-49E3-B4A5-47C44A7DBFA7}"
EndProject
Project("{888888A0-9F3D-457C-B088-3A5042F75D52}") = "backend", "backend\backend.pyproj", "{0152BAEE-143B-4115-B469-E770B492636B}"
EndProject
Global
	GlobalSection(SolutionConfigurationPlatforms) = preSolution
		Debug|Any CPU = Debug|Any CPU
		Release|Any CPU = Release|Any CPU
	EndGlobalSection
	GlobalSection(ProjectConfigurationPlatforms) = postSolution
		{3CBE17A5-7BE8-49E3-B4A5-47C44A7DBFA7}.Debug|Any CPU.ActiveCfg = Debug|Any CPU
		{3CBE17A5-7BE8-49E3-B4A5-47C44A7DBFA7}.Debug|Any CPU.Build.0 = Debug|Any CPU
		{3CBE17A5-7BE8-49E3-B4A5-47C44A7DBFA7}.Release|Any CPU.ActiveCfg = Release|Any CPU
		{3CBE17A5-7BE8-49E3-B4A5-47C44A7DBFA7}.Release|Any CPU.Build.0 = Release|Any CPU
		{0152BAEE-143B-4115-B469-E770B492636B}.Debug|Any CPU.ActiveCfg = Debug|Any CPU
		{0152BAEE-143B-4115-B469-E770B492636B}.Debug|Any CPU.Build.0 = Debug|Any CPU
		{0152BAEE-143B-4115-B469-E770B492636B}.Release|Any CPU.ActiveCfg = Release|Any CPU
		{0152BAEE-143B-4115-B469-E770B492636B}.Release|Any CPU.Build.0 = Release|Any CPU
	EndGlobalSection
	GlobalSection(SolutionProperties) = preSolution
		HideSolutionNode = FALSE
	EndGlobalSection
	GlobalSection(ExtensibilityGlobals) = postSolution
		SolutionGuid = {3DBCE35A-A5A1-4BE1-B32A-1F75FBABCDF1}
	EndGlobalSection
EndGlobal
